Microsoft Visual Studio Solution File, Format Version 12.00
# Visual Studio Version 17
VisualStudioVersion = 17.5.2.0
MinimumVisualStudioVersion = 10.0.40219.1
Project("{FAE04EC0-301F-11D3-BF4B-00C04F79EFBC}") = "hello-world-csharp", "hello-world-csharp\hello-world-csharp.csproj", "{F55441E8-1BCF-373A-AADE-AE4CED6AB2CB}"
EndProject
Project("{2150E333-8FDC-42A3-9474-1A3956D46DE8}") = "hello-world-csharp (1)", "hello-world-csharp (1)", "{D5384110-138E-72C7-9968-2B09D0586B75}"
EndProject
Project("{FAE04EC0-301F-11D3-BF4B-00C04F79EFBC}") = "hello-world-csharp", "hello-world-csharp\hello-world-csharp\hello-world-csharp.csproj", "{042F8D93-5213-B591-08A9-0C917516E23F}"
EndProject
Global
	GlobalSection(SolutionConfigurationPlatforms) = preSolution
		Debug|Any CPU = Debug|Any CPU
		Release|Any CPU = Release|Any CPU
	EndGlobalSection
	GlobalSection(ProjectConfigurationPlatforms) = postSolution
		{F55441E8-1BCF-373A-AADE-AE4CED6AB2CB}.Debug|Any CPU.ActiveCfg = Debug|Any CPU
		{F55441E8-1BCF-373A-AADE-AE4CED6AB2CB}.Debug|Any CPU.Build.0 = Debug|Any CPU
		{F55441E8-1BCF-373A-AADE-AE4CED6AB2CB}.Release|Any CPU.ActiveCfg = Release|Any CPU
		{F55441E8-1BCF-373A-AADE-AE4CED6AB2CB}.Release|Any CPU.Build.0 = Release|Any CPU
		{042F8D93-5213-B591-08A9-0C917516E23F}.Debug|Any CPU.ActiveCfg = Debug|Any CPU
		{042F8D93-5213-B591-08A9-0C917516E23F}.Debug|Any CPU.Build.0 = Debug|Any CPU
		{042F8D93-5213-B591-08A9-0C917516E23F}.Release|Any CPU.ActiveCfg = Release|Any CPU
		{042F8D93-5213-B591-08A9-0C917516E23F}.Release|Any CPU.Build.0 = Release|Any CPU
	EndGlobalSection
	GlobalSection(SolutionProperties) = preSolution
		HideSolutionNode = FALSE
	EndGlobalSection
	GlobalSection(NestedProjects) = preSolution
		{042F8D93-5213-B591-08A9-0C917516E23F} = {D5384110-138E-72C7-9968-2B09D0586B75}
	EndGlobalSection
	GlobalSection(ExtensibilityGlobals) = postSolution
		SolutionGuid = {CAD91342-B4B6-4D05-8DBD-DA266B84BC84}
	EndGlobalSection
EndGlobal
